
Microsoft Visual Studio Solution File, Format Version 12.00
# Visual Studio Version 16
VisualStudioVersion = 16.0.31025.194
MinimumVisualStudioVersion = 10.0.40219.1
Project("{FAE04EC0-301F-11D3-BF4B-00C04F79EFBC}") = "EbookSTR", "EbookSTR.csproj", "{2E017838-86AD-4B65-985C-181AC621C182}"
EndProject
Global
	GlobalSection(SolutionConfigurationPlatforms) = preSolution
		Debug|Any CPU = Debug|Any CPU
		Release|Any CPU = Release|Any CPU
	EndGlobalSection
	GlobalSection(ProjectConfigurationPlatforms) = postSolution
		{2E017838-86AD-4B65-985C-181AC621C182}.Debug|Any CPU.ActiveCfg = Debug|Any CPU
		{2E017838-86AD-4B65-985C-181AC621C182}.Debug|Any CPU.Build.0 = Debug|Any CPU
		{2E017838-86AD-4B65-985C-181AC621C182}.Release|Any CPU.ActiveCfg = Release|Any CPU
		{2E017838-86AD-4B65-985C-181AC621C182}.Release|Any CPU.Build.0 = Release|Any CPU
	EndGlobalSection
	GlobalSection(SolutionProperties) = preSolution
		HideSolutionNode = FALSE
	EndGlobalSection
	GlobalSection(ExtensibilityGlobals) = postSolution
		SolutionGuid = {5E9A9410-78D5-451E-B9A0-05E77E8045A4}
	EndGlobalSection
EndGlobal
